
Microsoft Visual Studio Solution File, Format Version 12.00
# Visual Studio Version 17
VisualStudioVersion = 17.10.34928.147
MinimumVisualStudioVersion = 10.0.40219.1
Project("{9A19103F-16F7-4668-BE54-9A1E7A4F7556}") = "NukeWorkshops.Server", "NukeWorkshops.Server\NukeWorkshops.Server.csproj", "{30C8947A-992B-4D05-A05D-F654878105F0}"
EndProject
Project("{54A90642-561A-4BB1-A94E-469ADEE60C69}") = "nukeworkshops.client", "nukeworkshops.client\nukeworkshops.client.esproj", "{FA2C706F-814A-4872-BB27-9CD45036CD29}"
EndProject
Project("{9A19103F-16F7-4668-BE54-9A1E7A4F7556}") = "NukeWorkshops.Server.Tests", "NukeWorkshops.Server.Tests\NukeWorkshops.Server.Tests.csproj", "{1642334E-37C4-4529-8C6D-AAF0C0928976}"
EndProject
Project("{2150E333-8FDC-42A3-9474-1A3956D46DE8}") = "Solution Items", "Solution Items", "{9347DF8D-AE9E-42F1-94D4-E469AB6C0265}"
	ProjectSection(SolutionItems) = preProject
		global.json = global.json
	EndProjectSection
EndProject
Project("{9A19103F-16F7-4668-BE54-9A1E7A4F7556}") = "_build", "build\_build.csproj", "{51173A06-7492-49C8-80C0-A00A429AD7A0}"
EndProject
Global
	GlobalSection(SolutionConfigurationPlatforms) = preSolution
		Debug|Any CPU = Debug|Any CPU
		Release|Any CPU = Release|Any CPU
	EndGlobalSection
	GlobalSection(ProjectConfigurationPlatforms) = postSolution
		{51173A06-7492-49C8-80C0-A00A429AD7A0}.Debug|Any CPU.ActiveCfg = Debug|Any CPU
		{51173A06-7492-49C8-80C0-A00A429AD7A0}.Release|Any CPU.ActiveCfg = Release|Any CPU
		{30C8947A-992B-4D05-A05D-F654878105F0}.Debug|Any CPU.ActiveCfg = Debug|Any CPU
		{30C8947A-992B-4D05-A05D-F654878105F0}.Debug|Any CPU.Build.0 = Debug|Any CPU
		{30C8947A-992B-4D05-A05D-F654878105F0}.Release|Any CPU.ActiveCfg = Release|Any CPU
		{30C8947A-992B-4D05-A05D-F654878105F0}.Release|Any CPU.Build.0 = Release|Any CPU
		{FA2C706F-814A-4872-BB27-9CD45036CD29}.Debug|Any CPU.ActiveCfg = Debug|Any CPU
		{FA2C706F-814A-4872-BB27-9CD45036CD29}.Debug|Any CPU.Build.0 = Debug|Any CPU
		{FA2C706F-814A-4872-BB27-9CD45036CD29}.Debug|Any CPU.Deploy.0 = Debug|Any CPU
		{FA2C706F-814A-4872-BB27-9CD45036CD29}.Release|Any CPU.ActiveCfg = Release|Any CPU
		{FA2C706F-814A-4872-BB27-9CD45036CD29}.Release|Any CPU.Build.0 = Release|Any CPU
		{FA2C706F-814A-4872-BB27-9CD45036CD29}.Release|Any CPU.Deploy.0 = Release|Any CPU
		{1642334E-37C4-4529-8C6D-AAF0C0928976}.Debug|Any CPU.ActiveCfg = Debug|Any CPU
		{1642334E-37C4-4529-8C6D-AAF0C0928976}.Debug|Any CPU.Build.0 = Debug|Any CPU
		{1642334E-37C4-4529-8C6D-AAF0C0928976}.Release|Any CPU.ActiveCfg = Release|Any CPU
		{1642334E-37C4-4529-8C6D-AAF0C0928976}.Release|Any CPU.Build.0 = Release|Any CPU
	EndGlobalSection
	GlobalSection(SolutionProperties) = preSolution
		HideSolutionNode = FALSE
	EndGlobalSection
	GlobalSection(ExtensibilityGlobals) = postSolution
		SolutionGuid = {ED938650-DCF3-466B-8805-5DB0D8520194}
	EndGlobalSection
EndGlobal
